
Microsoft Visual Studio Solution File, Format Version 12.00
# Visual Studio 2015
Project("{FAE04EC0-301F-11D3-BF4B-00C04F79EFBC}") = "My2DGAME.CSharp", "My2DGAME.CSharp.csproj", "{54C3AA2A-15C2-D164-B4A3-01C58861903D}"
EndProject
Global
	GlobalSection(SolutionConfigurationPlatforms) = preSolution
		Debug|Any CPU = Debug|Any CPU
		Release|Any CPU = Release|Any CPU
	EndGlobalSection
	GlobalSection(ProjectConfigurationPlatforms) = postSolution
		{54C3AA2A-15C2-D164-B4A3-01C58861903D}.Debug|Any CPU.ActiveCfg = Debug|Any CPU
		{54C3AA2A-15C2-D164-B4A3-01C58861903D}.Debug|Any CPU.Build.0 = Debug|Any CPU
		{54C3AA2A-15C2-D164-B4A3-01C58861903D}.Release|Any CPU.ActiveCfg = Release|Any CPU
		{54C3AA2A-15C2-D164-B4A3-01C58861903D}.Release|Any CPU.Build.0 = Release|Any CPU
	EndGlobalSection
	GlobalSection(SolutionProperties) = preSolution
		HideSolutionNode = FALSE
	EndGlobalSection
EndGlobal
